
Microsoft Visual Studio Solution File, Format Version 12.00
# Visual Studio 14
VisualStudioVersion = 14.0.25420.1
MinimumVisualStudioVersion = 10.0.40219.1
Project("{2150E333-8FDC-42A3-9474-1A3956D46DE8}") = "Creational", "Creational", "{14DE6BC5-92A7-49F7-A80D-37D2815CDEBD}"
EndProject
Project("{2150E333-8FDC-42A3-9474-1A3956D46DE8}") = "Behavioural", "Behavioural", "{9B29672B-E251-4434-A257-2F10733A0216}"
EndProject
Project("{2150E333-8FDC-42A3-9474-1A3956D46DE8}") = "Structural", "Structural", "{3392174E-9EA8-4557-BA9B-039875C4E346}"
EndProject
Project("{FAE04EC0-301F-11D3-BF4B-00C04F79EFBC}") = "Singleton", "Singleton\Singleton.csproj", "{5032F8DF-D576-43CC-9139-1B5B66B1DA06}"
EndProject
Project("{2150E333-8FDC-42A3-9474-1A3956D46DE8}") = "FactoryPatterns", "FactoryPatterns", "{F0BD7761-0AC7-49A3-A5C7-34026DB0560D}"
EndProject
Project("{FAE04EC0-301F-11D3-BF4B-00C04F79EFBC}") = "SimpleFactory", "SimpleFactory\SimpleFactory.csproj", "{540848F6-ACAC-4BFB-88FB-4F61ED2E0AC3}"
EndProject
Project("{FAE04EC0-301F-11D3-BF4B-00C04F79EFBC}") = "FactoryMethod", "FactoryMethod\FactoryMethod.csproj", "{C2ACBDDE-AA9E-4091-BC37-2E20C160964A}"
EndProject
Project("{FAE04EC0-301F-11D3-BF4B-00C04F79EFBC}") = "AbstractFactory", "AbstractFactory\AbstractFactory.csproj", "{1A87EF1A-6A52-46CC-B966-FD6707194BBA}"
EndProject
Project("{FAE04EC0-301F-11D3-BF4B-00C04F79EFBC}") = "Builder", "Builder\Builder.csproj", "{C27055DF-CCA2-4379-9E96-50337FD69CAB}"
EndProject
Project("{FAE04EC0-301F-11D3-BF4B-00C04F79EFBC}") = "Prototype", "Prototype\Prototype.csproj", "{36871C7C-1BE7-47AD-B92F-810D31B1225A}"
EndProject
Project("{FAE04EC0-301F-11D3-BF4B-00C04F79EFBC}") = "Adapter", "Adapter\Adapter.csproj", "{98480B3A-9E0E-4608-94F2-8BDE7AB1C55C}"
EndProject
Project("{FAE04EC0-301F-11D3-BF4B-00C04F79EFBC}") = "Bridge", "Bridge\Bridge.csproj", "{FD60AC17-B40B-4C4A-94CA-01E6A8558DCB}"
EndProject
Project("{FAE04EC0-301F-11D3-BF4B-00C04F79EFBC}") = "Composite", "Composite\Composite.csproj", "{6EBA912F-21F9-4ACE-961C-F96098E0AC99}"
EndProject
Project("{FAE04EC0-301F-11D3-BF4B-00C04F79EFBC}") = "Proxy", "Proxy\Proxy.csproj", "{AC248BBD-8C2A-4EE7-94DE-B33B1F5932B8}"
EndProject
Project("{FAE04EC0-301F-11D3-BF4B-00C04F79EFBC}") = "Facade", "Facade\Facade.csproj", "{83216C8D-996E-4805-917E-86C81A4DD99D}"
EndProject
Project("{FAE04EC0-301F-11D3-BF4B-00C04F79EFBC}") = "Decorator", "Decorator\Decorator.csproj", "{47F23296-AF1D-4CA2-9B5F-1175C79D524D}"
EndProject
Project("{FAE04EC0-301F-11D3-BF4B-00C04F79EFBC}") = "Flyweight", "Flyweight\Flyweight.csproj", "{94754E72-D501-4589-B4D6-2D1934E749B7}"
EndProject
Project("{FAE04EC0-301F-11D3-BF4B-00C04F79EFBC}") = "Mediator", "Mediator\Mediator.csproj", "{86C71130-B6F8-4FA8-9207-C7DC6950DA52}"
EndProject
Project("{FAE04EC0-301F-11D3-BF4B-00C04F79EFBC}") = "Memento", "Memento\Memento.csproj", "{0BA48C2B-1BFB-45E0-A499-D04422A0AF85}"
EndProject
Project("{FAE04EC0-301F-11D3-BF4B-00C04F79EFBC}") = "Observer", "Observer\Observer.csproj", "{14B35DBC-7D95-43D9-8F31-3BB1D93B9B35}"
EndProject
Project("{FAE04EC0-301F-11D3-BF4B-00C04F79EFBC}") = "State", "State\State.csproj", "{876F5118-F199-47B5-BB57-01A0850D1AB7}"
EndProject
Project("{FAE04EC0-301F-11D3-BF4B-00C04F79EFBC}") = "Strategy", "Strategy\Strategy.csproj", "{317EF4B3-C4C9-42E5-BD15-4D366EA96FDA}"
EndProject
Project("{FAE04EC0-301F-11D3-BF4B-00C04F79EFBC}") = "Visitor", "Visitor\Visitor.csproj", "{F2FA1AEA-A054-4025-9ABC-118A49D752DC}"
EndProject
Project("{FAE04EC0-301F-11D3-BF4B-00C04F79EFBC}") = "Iterator", "Iterator\Iterator.csproj", "{33EB7E31-23E7-4D50-9832-F740BC924424}"
EndProject
Project("{FAE04EC0-301F-11D3-BF4B-00C04F79EFBC}") = "Command", "Command\Command.csproj", "{AB2A088A-F599-48D3-92B2-ACD88E05D949}"
EndProject
Project("{FAE04EC0-301F-11D3-BF4B-00C04F79EFBC}") = "ChainOfResponsibility", "ChainOfResponsibility\ChainOfResponsibility.csproj", "{4710533E-0A70-4451-8D80-728E5D20E7D6}"
EndProject
Project("{FAE04EC0-301F-11D3-BF4B-00C04F79EFBC}") = "ObjectPool", "ObjectPool\ObjectPool.csproj", "{1AAF5717-20E2-498C-9687-F31404B8C8DE}"
EndProject
Project("{FAE04EC0-301F-11D3-BF4B-00C04F79EFBC}") = "Interpreter", "Interpreter\Interpreter.csproj", "{7B45F817-6E7A-4CD7-9251-3E3EAB0557C9}"
EndProject
Project("{FAE04EC0-301F-11D3-BF4B-00C04F79EFBC}") = "NullObject", "NullObject\NullObject.csproj", "{A69D663F-BA02-4108-A2BD-37273C1F69B4}"
EndProject
Project("{FAE04EC0-301F-11D3-BF4B-00C04F79EFBC}") = "TemplateMethod", "TemplateMethod\TemplateMethod.csproj", "{D1E9BB6A-8353-4E15-B8B0-0938FEA63698}"
EndProject
Global
	GlobalSection(SolutionConfigurationPlatforms) = preSolution
		Debug|Any CPU = Debug|Any CPU
		Release|Any CPU = Release|Any CPU
	EndGlobalSection
	GlobalSection(ProjectConfigurationPlatforms) = postSolution
		{5032F8DF-D576-43CC-9139-1B5B66B1DA06}.Debug|Any CPU.ActiveCfg = Debug|Any CPU
		{5032F8DF-D576-43CC-9139-1B5B66B1DA06}.Debug|Any CPU.Build.0 = Debug|Any CPU
		{5032F8DF-D576-43CC-9139-1B5B66B1DA06}.Release|Any CPU.ActiveCfg = Release|Any CPU
		{5032F8DF-D576-43CC-9139-1B5B66B1DA06}.Release|Any CPU.Build.0 = Release|Any CPU
		{540848F6-ACAC-4BFB-88FB-4F61ED2E0AC3}.Debug|Any CPU.ActiveCfg = Debug|Any CPU
		{540848F6-ACAC-4BFB-88FB-4F61ED2E0AC3}.Debug|Any CPU.Build.0 = Debug|Any CPU
		{540848F6-ACAC-4BFB-88FB-4F61ED2E0AC3}.Release|Any CPU.ActiveCfg = Release|Any CPU
		{540848F6-ACAC-4BFB-88FB-4F61ED2E0AC3}.Release|Any CPU.Build.0 = Release|Any CPU
		{C2ACBDDE-AA9E-4091-BC37-2E20C160964A}.Debug|Any CPU.ActiveCfg = Debug|Any CPU
		{C2ACBDDE-AA9E-4091-BC37-2E20C160964A}.Debug|Any CPU.Build.0 = Debug|Any CPU
		{C2ACBDDE-AA9E-4091-BC37-2E20C160964A}.Release|Any CPU.ActiveCfg = Release|Any CPU
		{C2ACBDDE-AA9E-4091-BC37-2E20C160964A}.Release|Any CPU.Build.0 = Release|Any CPU
		{1A87EF1A-6A52-46CC-B966-FD6707194BBA}.Debug|Any CPU.ActiveCfg = Debug|Any CPU
		{1A87EF1A-6A52-46CC-B966-FD6707194BBA}.Debug|Any CPU.Build.0 = Debug|Any CPU
		{1A87EF1A-6A52-46CC-B966-FD6707194BBA}.Release|Any CPU.ActiveCfg = Release|Any CPU
		{1A87EF1A-6A52-46CC-B966-FD6707194BBA}.Release|Any CPU.Build.0 = Release|Any CPU
		{C27055DF-CCA2-4379-9E96-50337FD69CAB}.Debug|Any CPU.ActiveCfg = Debug|Any CPU
		{C27055DF-CCA2-4379-9E96-50337FD69CAB}.Debug|Any CPU.Build.0 = Debug|Any CPU
		{C27055DF-CCA2-4379-9E96-50337FD69CAB}.Release|Any CPU.ActiveCfg = Release|Any CPU
		{C27055DF-CCA2-4379-9E96-50337FD69CAB}.Release|Any CPU.Build.0 = Release|Any CPU
		{36871C7C-1BE7-47AD-B92F-810D31B1225A}.Debug|Any CPU.ActiveCfg = Debug|Any CPU
		{36871C7C-1BE7-47AD-B92F-810D31B1225A}.Debug|Any CPU.Build.0 = Debug|Any CPU
		{36871C7C-1BE7-47AD-B92F-810D31B1225A}.Release|Any CPU.ActiveCfg = Release|Any CPU
		{36871C7C-1BE7-47AD-B92F-810D31B1225A}.Release|Any CPU.Build.0 = Release|Any CPU
		{98480B3A-9E0E-4608-94F2-8BDE7AB1C55C}.Debug|Any CPU.ActiveCfg = Debug|Any CPU
		{98480B3A-9E0E-4608-94F2-8BDE7AB1C55C}.Debug|Any CPU.Build.0 = Debug|Any CPU
		{98480B3A-9E0E-4608-94F2-8BDE7AB1C55C}.Release|Any CPU.ActiveCfg = Release|Any CPU
		{98480B3A-9E0E-4608-94F2-8BDE7AB1C55C}.Release|Any CPU.Build.0 = Release|Any CPU
		{FD60AC17-B40B-4C4A-94CA-01E6A8558DCB}.Debug|Any CPU.ActiveCfg = Debug|Any CPU
		{FD60AC17-B40B-4C4A-94CA-01E6A8558DCB}.Debug|Any CPU.Build.0 = Debug|Any CPU
		{FD60AC17-B40B-4C4A-94CA-01E6A8558DCB}.Release|Any CPU.ActiveCfg = Release|Any CPU
		{FD60AC17-B40B-4C4A-94CA-01E6A8558DCB}.Release|Any CPU.Build.0 = Release|Any CPU
		{6EBA912F-21F9-4ACE-961C-F96098E0AC99}.Debug|Any CPU.ActiveCfg = Debug|Any CPU
		{6EBA912F-21F9-4ACE-961C-F96098E0AC99}.Debug|Any CPU.Build.0 = Debug|Any CPU
		{6EBA912F-21F9-4ACE-961C-F96098E0AC99}.Release|Any CPU.ActiveCfg = Release|Any CPU
		{6EBA912F-21F9-4ACE-961C-F96098E0AC99}.Release|Any CPU.Build.0 = Release|Any CPU
		{AC248BBD-8C2A-4EE7-94DE-B33B1F5932B8}.Debug|Any CPU.ActiveCfg = Debug|Any CPU
		{AC248BBD-8C2A-4EE7-94DE-B33B1F5932B8}.Debug|Any CPU.Build.0 = Debug|Any CPU
		{AC248BBD-8C2A-4EE7-94DE-B33B1F5932B8}.Release|Any CPU.ActiveCfg = Release|Any CPU
		{AC248BBD-8C2A-4EE7-94DE-B33B1F5932B8}.Release|Any CPU.Build.0 = Release|Any CPU
		{83216C8D-996E-4805-917E-86C81A4DD99D}.Debug|Any CPU.ActiveCfg = Debug|Any CPU
		{83216C8D-996E-4805-917E-86C81A4DD99D}.Debug|Any CPU.Build.0 = Debug|Any CPU
		{83216C8D-996E-4805-917E-86C81A4DD99D}.Release|Any CPU.ActiveCfg = Release|Any CPU
		{83216C8D-996E-4805-917E-86C81A4DD99D}.Release|Any CPU.Build.0 = Release|Any CPU
		{47F23296-AF1D-4CA2-9B5F-1175C79D524D}.Debug|Any CPU.ActiveCfg = Debug|Any CPU
		{47F23296-AF1D-4CA2-9B5F-1175C79D524D}.Debug|Any CPU.Build.0 = Debug|Any CPU
		{47F23296-AF1D-4CA2-9B5F-1175C79D524D}.Release|Any CPU.ActiveCfg = Release|Any CPU
		{47F23296-AF1D-4CA2-9B5F-1175C79D524D}.Release|Any CPU.Build.0 = Release|Any CPU
		{94754E72-D501-4589-B4D6-2D1934E749B7}.Debug|Any CPU.ActiveCfg = Debug|Any CPU
		{94754E72-D501-4589-B4D6-2D1934E749B7}.Debug|Any CPU.Build.0 = Debug|Any CPU
		{94754E72-D501-4589-B4D6-2D1934E749B7}.Release|Any CPU.ActiveCfg = Release|Any CPU
		{94754E72-D501-4589-B4D6-2D1934E749B7}.Release|Any CPU.Build.0 = Release|Any CPU
		{86C71130-B6F8-4FA8-9207-C7DC6950DA52}.Debug|Any CPU.ActiveCfg = Debug|Any CPU
		{86C71130-B6F8-4FA8-9207-C7DC6950DA52}.Debug|Any CPU.Build.0 = Debug|Any CPU
		{86C71130-B6F8-4FA8-9207-C7DC6950DA52}.Release|Any CPU.ActiveCfg = Release|Any CPU
		{86C71130-B6F8-4FA8-9207-C7DC6950DA52}.Release|Any CPU.Build.0 = Release|Any CPU
		{0BA48C2B-1BFB-45E0-A499-D04422A0AF85}.Debug|Any CPU.ActiveCfg = Debug|Any CPU
		{0BA48C2B-1BFB-45E0-A499-D04422A0AF85}.Debug|Any CPU.Build.0 = Debug|Any CPU
		{0BA48C2B-1BFB-45E0-A499-D04422A0AF85}.Release|Any CPU.ActiveCfg = Release|Any CPU
		{0BA48C2B-1BFB-45E0-A499-D04422A0AF85}.Release|Any CPU.Build.0 = Release|Any CPU
		{14B35DBC-7D95-43D9-8F31-3BB1D93B9B35}.Debug|Any CPU.ActiveCfg = Debug|Any CPU
		{14B35DBC-7D95-43D9-8F31-3BB1D93B9B35}.Debug|Any CPU.Build.0 = Debug|Any CPU
		{14B35DBC-7D95-43D9-8F31-3BB1D93B9B35}.Release|Any CPU.ActiveCfg = Release|Any CPU
		{14B35DBC-7D95-43D9-8F31-3BB1D93B9B35}.Release|Any CPU.Build.0 = Release|Any CPU
		{876F5118-F199-47B5-BB57-01A0850D1AB7}.Debug|Any CPU.ActiveCfg = Debug|Any CPU
		{876F5118-F199-47B5-BB57-01A0850D1AB7}.Debug|Any CPU.Build.0 = Debug|Any CPU
		{876F5118-F199-47B5-BB57-01A0850D1AB7}.Release|Any CPU.ActiveCfg = Release|Any CPU
		{876F5118-F199-47B5-BB57-01A0850D1AB7}.Release|Any CPU.Build.0 = Release|Any CPU
		{317EF4B3-C4C9-42E5-BD15-4D366EA96FDA}.Debug|Any CPU.ActiveCfg = Debug|Any CPU
		{317EF4B3-C4C9-42E5-BD15-4D366EA96FDA}.Debug|Any CPU.Build.0 = Debug|Any CPU
		{317EF4B3-C4C9-42E5-BD15-4D366EA96FDA}.Release|Any CPU.ActiveCfg = Release|Any CPU
		{317EF4B3-C4C9-42E5-BD15-4D366EA96FDA}.Release|Any CPU.Build.0 = Release|Any CPU
		{F2FA1AEA-A054-4025-9ABC-118A49D752DC}.Debug|Any CPU.ActiveCfg = Debug|Any CPU
		{F2FA1AEA-A054-4025-9ABC-118A49D752DC}.Debug|Any CPU.Build.0 = Debug|Any CPU
		{F2FA1AEA-A054-4025-9ABC-118A49D752DC}.Release|Any CPU.ActiveCfg = Release|Any CPU
		{F2FA1AEA-A054-4025-9ABC-118A49D752DC}.Release|Any CPU.Build.0 = Release|Any CPU
		{33EB7E31-23E7-4D50-9832-F740BC924424}.Debug|Any CPU.ActiveCfg = Debug|Any CPU
		{33EB7E31-23E7-4D50-9832-F740BC924424}.Debug|Any CPU.Build.0 = Debug|Any CPU
		{33EB7E31-23E7-4D50-9832-F740BC924424}.Release|Any CPU.ActiveCfg = Release|Any CPU
		{33EB7E31-23E7-4D50-9832-F740BC924424}.Release|Any CPU.Build.0 = Release|Any CPU
		{AB2A088A-F599-48D3-92B2-ACD88E05D949}.Debug|Any CPU.ActiveCfg = Debug|Any CPU
		{AB2A088A-F599-48D3-92B2-ACD88E05D949}.Debug|Any CPU.Build.0 = Debug|Any CPU
		{AB2A088A-F599-48D3-92B2-ACD88E05D949}.Release|Any CPU.ActiveCfg = Release|Any CPU
		{AB2A088A-F599-48D3-92B2-ACD88E05D949}.Release|Any CPU.Build.0 = Release|Any CPU
		{4710533E-0A70-4451-8D80-728E5D20E7D6}.Debug|Any CPU.ActiveCfg = Debug|Any CPU
		{4710533E-0A70-4451-8D80-728E5D20E7D6}.Debug|Any CPU.Build.0 = Debug|Any CPU
		{4710533E-0A70-4451-8D80-728E5D20E7D6}.Release|Any CPU.ActiveCfg = Release|Any CPU
		{4710533E-0A70-4451-8D80-728E5D20E7D6}.Release|Any CPU.Build.0 = Release|Any CPU
		{1AAF5717-20E2-498C-9687-F31404B8C8DE}.Debug|Any CPU.ActiveCfg = Debug|Any CPU
		{1AAF5717-20E2-498C-9687-F31404B8C8DE}.Debug|Any CPU.Build.0 = Debug|Any CPU
		{1AAF5717-20E2-498C-9687-F31404B8C8DE}.Release|Any CPU.ActiveCfg = Release|Any CPU
		{1AAF5717-20E2-498C-9687-F31404B8C8DE}.Release|Any CPU.Build.0 = Release|Any CPU
		{7B45F817-6E7A-4CD7-9251-3E3EAB0557C9}.Debug|Any CPU.ActiveCfg = Debug|Any CPU
		{7B45F817-6E7A-4CD7-9251-3E3EAB0557C9}.Debug|Any CPU.Build.0 = Debug|Any CPU
		{7B45F817-6E7A-4CD7-9251-3E3EAB0557C9}.Release|Any CPU.ActiveCfg = Release|Any CPU
		{7B45F817-6E7A-4CD7-9251-3E3EAB0557C9}.Release|Any CPU.Build.0 = Release|Any CPU
		{A69D663F-BA02-4108-A2BD-37273C1F69B4}.Debug|Any CPU.ActiveCfg = Debug|Any CPU
		{A69D663F-BA02-4108-A2BD-37273C1F69B4}.Debug|Any CPU.Build.0 = Debug|Any CPU
		{A69D663F-BA02-4108-A2BD-37273C1F69B4}.Release|Any CPU.ActiveCfg = Release|Any CPU
		{A69D663F-BA02-4108-A2BD-37273C1F69B4}.Release|Any CPU.Build.0 = Release|Any CPU
		{D1E9BB6A-8353-4E15-B8B0-0938FEA63698}.Debug|Any CPU.ActiveCfg = Debug|Any CPU
		{D1E9BB6A-8353-4E15-B8B0-0938FEA63698}.Debug|Any CPU.Build.0 = Debug|Any CPU
		{D1E9BB6A-8353-4E15-B8B0-0938FEA63698}.Release|Any CPU.ActiveCfg = Release|Any CPU
		{D1E9BB6A-8353-4E15-B8B0-0938FEA63698}.Release|Any CPU.Build.0 = Release|Any CPU
	EndGlobalSection
	GlobalSection(SolutionProperties) = preSolution
		HideSolutionNode = FALSE
	EndGlobalSection
	GlobalSection(NestedProjects) = preSolution
		{5032F8DF-D576-43CC-9139-1B5B66B1DA06} = {14DE6BC5-92A7-49F7-A80D-37D2815CDEBD}
		{F0BD7761-0AC7-49A3-A5C7-34026DB0560D} = {14DE6BC5-92A7-49F7-A80D-37D2815CDEBD}
		{540848F6-ACAC-4BFB-88FB-4F61ED2E0AC3} = {F0BD7761-0AC7-49A3-A5C7-34026DB0560D}
		{C2ACBDDE-AA9E-4091-BC37-2E20C160964A} = {F0BD7761-0AC7-49A3-A5C7-34026DB0560D}
		{1A87EF1A-6A52-46CC-B966-FD6707194BBA} = {F0BD7761-0AC7-49A3-A5C7-34026DB0560D}
		{C27055DF-CCA2-4379-9E96-50337FD69CAB} = {14DE6BC5-92A7-49F7-A80D-37D2815CDEBD}
		{36871C7C-1BE7-47AD-B92F-810D31B1225A} = {14DE6BC5-92A7-49F7-A80D-37D2815CDEBD}
		{98480B3A-9E0E-4608-94F2-8BDE7AB1C55C} = {3392174E-9EA8-4557-BA9B-039875C4E346}
		{FD60AC17-B40B-4C4A-94CA-01E6A8558DCB} = {3392174E-9EA8-4557-BA9B-039875C4E346}
		{6EBA912F-21F9-4ACE-961C-F96098E0AC99} = {3392174E-9EA8-4557-BA9B-039875C4E346}
		{AC248BBD-8C2A-4EE7-94DE-B33B1F5932B8} = {3392174E-9EA8-4557-BA9B-039875C4E346}
		{83216C8D-996E-4805-917E-86C81A4DD99D} = {3392174E-9EA8-4557-BA9B-039875C4E346}
		{47F23296-AF1D-4CA2-9B5F-1175C79D524D} = {3392174E-9EA8-4557-BA9B-039875C4E346}
		{94754E72-D501-4589-B4D6-2D1934E749B7} = {3392174E-9EA8-4557-BA9B-039875C4E346}
		{86C71130-B6F8-4FA8-9207-C7DC6950DA52} = {9B29672B-E251-4434-A257-2F10733A0216}
		{0BA48C2B-1BFB-45E0-A499-D04422A0AF85} = {9B29672B-E251-4434-A257-2F10733A0216}
		{14B35DBC-7D95-43D9-8F31-3BB1D93B9B35} = {9B29672B-E251-4434-A257-2F10733A0216}
		{876F5118-F199-47B5-BB57-01A0850D1AB7} = {9B29672B-E251-4434-A257-2F10733A0216}
		{317EF4B3-C4C9-42E5-BD15-4D366EA96FDA} = {9B29672B-E251-4434-A257-2F10733A0216}
		{F2FA1AEA-A054-4025-9ABC-118A49D752DC} = {9B29672B-E251-4434-A257-2F10733A0216}
		{33EB7E31-23E7-4D50-9832-F740BC924424} = {9B29672B-E251-4434-A257-2F10733A0216}
		{AB2A088A-F599-48D3-92B2-ACD88E05D949} = {9B29672B-E251-4434-A257-2F10733A0216}
		{4710533E-0A70-4451-8D80-728E5D20E7D6} = {9B29672B-E251-4434-A257-2F10733A0216}
		{1AAF5717-20E2-498C-9687-F31404B8C8DE} = {14DE6BC5-92A7-49F7-A80D-37D2815CDEBD}
		{7B45F817-6E7A-4CD7-9251-3E3EAB0557C9} = {9B29672B-E251-4434-A257-2F10733A0216}
		{A69D663F-BA02-4108-A2BD-37273C1F69B4} = {9B29672B-E251-4434-A257-2F10733A0216}
		{D1E9BB6A-8353-4E15-B8B0-0938FEA63698} = {9B29672B-E251-4434-A257-2F10733A0216}
	EndGlobalSection
EndGlobal
